# generated by rye
# use `rye lock` or `rye sync` to update this lockfile
#
# last locked with the following flags:
#   pre: false
#   features: []
#   all-features: false
#   with-sources: false
#   generate-hashes: false
#   universal: false

-e file:.
aiohappyeyeballs==2.6.1
    # via aiohttp
aiohttp==3.11.16
    # via instructor
    # via litellm
aiolimiter==1.2.1
    # via aiai
aiosignal==1.3.2
    # via aiohttp
annotated-types==0.7.0
    # via pydantic
anthropic==0.42.0
    # via openlit
anyio==4.9.0
    # via anthropic
    # via httpx
    # via jupyter-server
    # via openai
appnope==0.1.4
    # via ipykernel
argon2-cffi==23.1.0
    # via jupyter-server
argon2-cffi-bindings==21.2.0
    # via argon2-cffi
arrow==1.3.0
    # via isoduration
asgiref==3.8.1
    # via django
    # via django-stubs
asttokens==3.0.0
    # via sorcery
    # via stack-data
async-lru==2.0.5
    # via jupyterlab
attrs==25.3.0
    # via aiohttp
    # via jsonschema
    # via referencing
babel==2.17.0
    # via jupyterlab-server
beautifulsoup4==4.13.4
    # via nbconvert
bleach==6.2.0
    # via nbconvert
boto3==1.37.35
    # via openlit
botocore==1.37.35
    # via boto3
    # via openlit
    # via s3transfer
certifi==2025.1.31
    # via httpcore
    # via httpx
    # via requests
cffi==1.17.1
    # via argon2-cffi-bindings
charset-normalizer==3.4.1
    # via requests
click==8.1.8
    # via litellm
    # via typer
comm==0.2.2
    # via ipykernel
    # via ipywidgets
debugpy==1.8.14
    # via ipykernel
decorator==5.2.1
    # via ipdb
    # via ipython
defusedxml==0.7.1
    # via nbconvert
deprecated==1.2.18
    # via opentelemetry-api
    # via opentelemetry-exporter-otlp-proto-grpc
    # via opentelemetry-exporter-otlp-proto-http
    # via opentelemetry-semantic-conventions
distro==1.9.0
    # via anthropic
    # via openai
django==5.2
    # via aiai
    # via django-stubs
    # via django-stubs-ext
django-stubs==5.1.3
    # via aiai
django-stubs-ext==5.1.3
    # via django-stubs
docstring-parser==0.16
    # via instructor
execnet==2.1.1
    # via pytest-xdist
executing==2.2.0
    # via sorcery
    # via stack-data
fastjsonschema==2.21.1
    # via nbformat
filelock==3.18.0
    # via huggingface-hub
fqdn==1.5.1
    # via jsonschema
frozenlist==1.5.0
    # via aiohttp
    # via aiosignal
fsspec==2025.3.2
    # via huggingface-hub
googleapis-common-protos==1.70.0
    # via opentelemetry-exporter-otlp-proto-grpc
    # via opentelemetry-exporter-otlp-proto-http
grpcio==1.71.0
    # via opentelemetry-exporter-otlp-proto-grpc
h11==0.14.0
    # via httpcore
httpcore==1.0.8
    # via httpx
httpx==0.27.2
    # via anthropic
    # via jupyterlab
    # via litellm
    # via openai
huggingface-hub==0.30.2
    # via tokenizers
idna==3.10
    # via anyio
    # via httpx
    # via jsonschema
    # via requests
    # via yarl
importlib-metadata==8.6.1
    # via litellm
    # via opentelemetry-api
iniconfig==2.1.0
    # via pytest
instructor==1.7.9
    # via aiai
ipdb==0.13.13
ipykernel==6.29.5
    # via jupyter
    # via jupyter-console
    # via jupyterlab
ipython==9.1.0
    # via ipdb
    # via ipykernel
    # via ipywidgets
    # via jupyter-console
ipython-pygments-lexers==1.1.1
    # via ipython
ipywidgets==8.1.6
    # via jupyter
isoduration==20.11.0
    # via jsonschema
jedi==0.19.2
    # via ipython
jinja2==3.1.6
    # via instructor
    # via jupyter-server
    # via jupyterlab
    # via jupyterlab-server
    # via litellm
    # via nbconvert
jiter==0.8.2
    # via anthropic
    # via instructor
    # via openai
jmespath==1.0.1
    # via boto3
    # via botocore
json5==0.12.0
    # via jupyterlab-server
jsonpointer==3.0.0
    # via jsonschema
jsonschema==4.23.0
    # via jupyter-events
    # via jupyterlab-server
    # via litellm
    # via nbformat
jsonschema-specifications==2024.10.1
    # via jsonschema
jupyter==1.1.1
jupyter-client==8.6.3
    # via ipykernel
    # via jupyter-console
    # via jupyter-server
    # via nbclient
jupyter-console==6.6.3
    # via jupyter
jupyter-core==5.7.2
    # via ipykernel
    # via jupyter-client
    # via jupyter-console
    # via jupyter-server
    # via jupyterlab
    # via nbclient
    # via nbconvert
    # via nbformat
jupyter-events==0.12.0
    # via jupyter-server
jupyter-lsp==2.2.5
    # via jupyterlab
jupyter-server==2.15.0
    # via jupyter-lsp
    # via jupyterlab
    # via jupyterlab-server
    # via notebook
    # via notebook-shim
jupyter-server-terminals==0.5.3
    # via jupyter-server
jupyterlab==4.4.0
    # via jupyter
    # via notebook
jupyterlab-pygments==0.3.0
    # via nbconvert
jupyterlab-server==2.27.3
    # via jupyterlab
    # via notebook
jupyterlab-widgets==3.0.14
    # via ipywidgets
libcst==1.7.0
    # via aiai
litellm==1.60.2
    # via aiai
littleutils==0.2.4
    # via sorcery
markdown-it-py==3.0.0
    # via rich
markupsafe==3.0.2
    # via jinja2
    # via nbconvert
matplotlib-inline==0.1.7
    # via ipykernel
    # via ipython
mdurl==0.1.2
    # via markdown-it-py
mistune==3.1.3
    # via nbconvert
multidict==6.4.3
    # via aiohttp
    # via yarl
nbclient==0.10.2
    # via nbconvert
nbconvert==7.16.6
    # via jupyter
    # via jupyter-server
nbformat==5.10.4
    # via jupyter-server
    # via nbclient
    # via nbconvert
nest-asyncio==1.6.0
    # via ipykernel
networkx==3.4.2
    # via aiai
notebook==7.4.0
    # via jupyter
notebook-shim==0.2.4
    # via jupyterlab
    # via notebook
openai==1.75.0
    # via instructor
    # via litellm
    # via openlit
openlit @ git+https://github.com/ammirsm/openlit.git@1cad83689340418b6a6c84a1011fcb949a7a4a78#egg=openlit&subdirectory=sdk/python
    # via aiai
opentelemetry-api==1.32.1
    # via openlit
    # via opentelemetry-exporter-otlp-proto-grpc
    # via opentelemetry-exporter-otlp-proto-http
    # via opentelemetry-instrumentation
    # via opentelemetry-sdk
    # via opentelemetry-semantic-conventions
opentelemetry-exporter-otlp==1.32.1
    # via openlit
opentelemetry-exporter-otlp-proto-common==1.32.1
    # via opentelemetry-exporter-otlp-proto-grpc
    # via opentelemetry-exporter-otlp-proto-http
opentelemetry-exporter-otlp-proto-grpc==1.32.1
    # via opentelemetry-exporter-otlp
opentelemetry-exporter-otlp-proto-http==1.32.1
    # via opentelemetry-exporter-otlp
opentelemetry-instrumentation==0.53b1
    # via openlit
opentelemetry-proto==1.32.1
    # via opentelemetry-exporter-otlp-proto-common
    # via opentelemetry-exporter-otlp-proto-grpc
    # via opentelemetry-exporter-otlp-proto-http
opentelemetry-sdk==1.32.1
    # via openlit
    # via opentelemetry-exporter-otlp-proto-grpc
    # via opentelemetry-exporter-otlp-proto-http
opentelemetry-semantic-conventions==0.53b1
    # via opentelemetry-instrumentation
    # via opentelemetry-sdk
overrides==7.7.0
    # via jupyter-server
packaging==24.2
    # via huggingface-hub
    # via ipykernel
    # via jupyter-events
    # via jupyter-server
    # via jupyterlab
    # via jupyterlab-server
    # via nbconvert
    # via opentelemetry-instrumentation
    # via pytest
pandocfilters==1.5.1
    # via nbconvert
parso==0.8.4
    # via jedi
pexpect==4.9.0
    # via ipython
platformdirs==4.3.7
    # via jupyter-core
pluggy==1.5.0
    # via pytest
prometheus-client==0.21.1
    # via jupyter-server
prompt-toolkit==3.0.51
    # via ipython
    # via jupyter-console
propcache==0.3.1
    # via aiohttp
    # via yarl
protobuf==5.29.4
    # via googleapis-common-protos
    # via opentelemetry-proto
psutil==7.0.0
    # via ipykernel
ptyprocess==0.7.0
    # via pexpect
    # via terminado
pure-eval==0.2.3
    # via stack-data
pycparser==2.22
    # via cffi
pydantic==2.11.3
    # via aiai
    # via anthropic
    # via instructor
    # via litellm
    # via openai
    # via openlit
pydantic-core==2.33.1
    # via instructor
    # via pydantic
pydot==3.0.4
    # via aiai
pygments==2.19.1
    # via ipython
    # via ipython-pygments-lexers
    # via jupyter-console
    # via nbconvert
    # via rich
pyparsing==3.2.3
    # via pydot
pytest==8.3.5
    # via pytest-django
    # via pytest-xdist
pytest-django==4.11.1
pytest-xdist==3.6.1
python-dateutil==2.9.0.post0
    # via arrow
    # via botocore
    # via jupyter-client
python-dotenv==1.1.0
    # via aiai
    # via litellm
python-json-logger==3.3.0
    # via jupyter-events
pyyaml==6.0.2
    # via huggingface-hub
    # via jupyter-events
    # via libcst
pyzmq==26.4.0
    # via ipykernel
    # via jupyter-client
    # via jupyter-console
    # via jupyter-server
referencing==0.36.2
    # via jsonschema
    # via jsonschema-specifications
    # via jupyter-events
regex==2024.11.6
    # via tiktoken
requests==2.32.3
    # via huggingface-hub
    # via instructor
    # via jupyterlab-server
    # via openlit
    # via opentelemetry-exporter-otlp-proto-http
    # via tiktoken
rfc3339-validator==0.1.4
    # via jsonschema
    # via jupyter-events
rfc3986-validator==0.1.1
    # via jsonschema
    # via jupyter-events
rich==13.9.4
    # via instructor
    # via typer
rpds-py==0.24.0
    # via jsonschema
    # via referencing
ruff==0.11.6
s3transfer==0.11.4
    # via boto3
schedule==1.2.2
    # via openlit
send2trash==1.8.3
    # via jupyter-server
setuptools==78.1.0
    # via jupyterlab
shellingham==1.5.4
    # via typer
six==1.17.0
    # via python-dateutil
    # via rfc3339-validator
sniffio==1.3.1
    # via anthropic
    # via anyio
    # via httpx
    # via openai
sorcery==0.2.2
    # via aiai
soupsieve==2.6
    # via beautifulsoup4
sqlparse==0.5.3
    # via django
stack-data==0.6.3
    # via ipython
tenacity==9.1.2
    # via instructor
terminado==0.18.1
    # via jupyter-server
    # via jupyter-server-terminals
tiktoken==0.9.0
    # via litellm
tinycss2==1.4.0
    # via bleach
tokenizers==0.21.1
    # via litellm
tornado==6.4.2
    # via ipykernel
    # via jupyter-client
    # via jupyter-server
    # via jupyterlab
    # via notebook
    # via terminado
tqdm==4.67.1
    # via aiai
    # via huggingface-hub
    # via openai
traitlets==5.14.3
    # via comm
    # via ipykernel
    # via ipython
    # via ipywidgets
    # via jupyter-client
    # via jupyter-console
    # via jupyter-core
    # via jupyter-events
    # via jupyter-server
    # via jupyterlab
    # via matplotlib-inline
    # via nbclient
    # via nbconvert
    # via nbformat
tree-sitter==0.24.0
    # via aiai
tree-sitter-python==0.23.6
    # via aiai
typer==0.15.2
    # via aiai
    # via instructor
types-python-dateutil==2.9.0.20241206
    # via arrow
types-pyyaml==6.0.12.20250402
    # via django-stubs
typing-extensions==4.13.2
    # via anthropic
    # via anyio
    # via beautifulsoup4
    # via django-stubs
    # via django-stubs-ext
    # via huggingface-hub
    # via ipython
    # via openai
    # via opentelemetry-sdk
    # via pydantic
    # via pydantic-core
    # via referencing
    # via typer
    # via typing-inspection
typing-inspection==0.4.0
    # via pydantic
uri-template==1.3.0
    # via jsonschema
urllib3==2.4.0
    # via botocore
    # via requests
wcwidth==0.2.13
    # via prompt-toolkit
webcolors==24.11.1
    # via jsonschema
webencodings==0.5.1
    # via bleach
    # via tinycss2
websocket-client==1.8.0
    # via jupyter-server
widgetsnbextension==4.0.14
    # via ipywidgets
wrapt==1.17.2
    # via deprecated
    # via opentelemetry-instrumentation
    # via sorcery
xmltodict==0.13.0
    # via openlit
yarl==1.20.0
    # via aiohttp
zipp==3.21.0
    # via importlib-metadata
