# generated by rye
# use `rye lock` or `rye sync` to update this lockfile
#
# last locked with the following flags:
#   pre: false
#   features: []
#   all-features: true
#   with-sources: false
#   generate-hashes: false
#   universal: false

-e file:.
aiohappyeyeballs==2.6.1
    # via aiohttp
aiohttp==3.11.16
    # via auth0-python
    # via instructor
    # via langchain-community
    # via litellm
aiolimiter==1.2.1
    # via aiai-cli
aiosignal==1.3.2
    # via aiohttp
alembic==1.15.2
    # via embedchain
annotated-types==0.7.0
    # via pydantic
anthropic==0.42.0
    # via openlit
anyio==4.9.0
    # via anthropic
    # via httpx
    # via jupyter-server
    # via openai
    # via starlette
    # via watchfiles
appdirs==1.4.4
    # via crewai
appnope==0.1.4
    # via ipykernel
argon2-cffi==23.1.0
    # via jupyter-server
argon2-cffi-bindings==21.2.0
    # via argon2-cffi
arrow==1.3.0
    # via isoduration
asgiref==3.8.1
    # via django
    # via django-stubs
    # via opentelemetry-instrumentation-asgi
asteval==1.0.6
    # via docetl
asttokens==3.0.0
    # via sorcery
    # via stack-data
async-lru==2.0.5
    # via jupyterlab
attrs==25.3.0
    # via aiohttp
    # via jsonschema
    # via referencing
auth0-python==4.9.0
    # via crewai
babel==2.17.0
    # via jupyterlab-server
backoff==2.2.1
    # via posthog
bcrypt==4.3.0
    # via chromadb
beautifulsoup4==4.13.4
    # via embedchain
    # via nbconvert
bleach==6.2.0
    # via nbconvert
blinker==1.9.0
    # via crewai
boto3==1.37.36
    # via openlit
botocore==1.37.36
    # via boto3
    # via openlit
    # via s3transfer
build==1.2.2.post1
    # via chromadb
cachetools==5.5.2
    # via google-auth
    # via gptcache
certifi==2025.1.31
    # via httpcore
    # via httpx
    # via kubernetes
    # via requests
cffi==1.17.1
    # via argon2-cffi-bindings
    # via cryptography
cfgv==3.4.0
    # via pre-commit
charset-normalizer==3.4.1
    # via pdfminer-six
    # via requests
chroma-hnswlib==0.7.6
    # via chromadb
chromadb==0.5.23
    # via crewai
    # via crewai-tools
    # via embedchain
click==8.1.8
    # via crewai
    # via crewai-tools
    # via litellm
    # via typer
    # via uvicorn
cohere==5.15.0
    # via langchain-cohere
coloredlogs==15.0.1
    # via onnxruntime
comm==0.2.2
    # via ipykernel
    # via ipywidgets
crewai==0.114.0
    # via aiai-cli
    # via crewai-tools
crewai-tools==0.40.1
    # via aiai-cli
cryptography==44.0.2
    # via auth0-python
    # via pdfminer-six
dataclasses-json==0.6.7
    # via langchain-community
debugpy==1.8.14
    # via ipykernel
decorator==5.2.1
    # via ipdb
    # via ipython
defusedxml==0.7.1
    # via nbconvert
deprecated==1.2.18
    # via opentelemetry-api
    # via opentelemetry-exporter-otlp-proto-grpc
    # via opentelemetry-exporter-otlp-proto-http
    # via opentelemetry-semantic-conventions
deprecation==2.1.0
    # via lancedb
diskcache==5.6.3
    # via docetl
distlib==0.3.9
    # via virtualenv
distro==1.9.0
    # via anthropic
    # via openai
    # via posthog
django==5.2
    # via aiai-cli
    # via django-stubs
    # via django-stubs-ext
django-stubs==5.1.3
    # via aiai-cli
django-stubs-ext==5.1.3
    # via django-stubs
docetl==0.2.2
    # via aiai-cli
docker==7.1.0
    # via crewai-tools
docstring-parser==0.16
    # via instructor
durationpy==0.9
    # via kubernetes
embedchain==0.1.128
    # via crewai-tools
et-xmlfile==2.0.0
    # via openpyxl
execnet==2.1.1
    # via pytest-xdist
executing==2.2.0
    # via sorcery
    # via stack-data
fastapi==0.115.12
    # via chromadb
fastavro==1.10.0
    # via cohere
fastjsonschema==2.21.1
    # via nbformat
filelock==3.18.0
    # via huggingface-hub
    # via virtualenv
flatbuffers==25.2.10
    # via onnxruntime
fqdn==1.5.1
    # via jsonschema
frozendict==2.4.6
    # via docetl
frozenlist==1.6.0
    # via aiohttp
    # via aiosignal
fsspec==2025.3.2
    # via huggingface-hub
future==1.0.0
    # via lzstring
google-auth==2.39.0
    # via kubernetes
googleapis-common-protos==1.70.0
    # via opentelemetry-exporter-otlp-proto-grpc
    # via opentelemetry-exporter-otlp-proto-http
gptcache==0.1.44
    # via embedchain
greenlet==3.2.1
    # via sqlalchemy
grpcio==1.71.0
    # via chromadb
    # via grpcio-tools
    # via opentelemetry-exporter-otlp-proto-grpc
    # via qdrant-client
grpcio-tools==1.71.0
    # via qdrant-client
h11==0.14.0
    # via httpcore
    # via uvicorn
h2==4.2.0
    # via httpx
hpack==4.1.0
    # via h2
httpcore==1.0.8
    # via httpx
httptools==0.6.4
    # via uvicorn
httpx==0.27.2
    # via anthropic
    # via chromadb
    # via cohere
    # via jupyterlab
    # via langgraph-sdk
    # via langsmith
    # via litellm
    # via openai
    # via qdrant-client
httpx-sse==0.4.0
    # via cohere
    # via langchain-community
huggingface-hub==0.30.2
    # via tokenizers
humanfriendly==10.0
    # via coloredlogs
hyperframe==6.1.0
    # via h2
identify==2.6.9
    # via pre-commit
idna==3.10
    # via anyio
    # via httpx
    # via jsonschema
    # via requests
    # via yarl
importlib-metadata==8.6.1
    # via litellm
    # via opentelemetry-api
importlib-resources==6.5.2
    # via chromadb
iniconfig==2.1.0
    # via pytest
instructor==1.7.9
    # via aiai-cli
    # via crewai
ipdb==0.13.13
ipykernel==6.29.5
    # via jupyter
    # via jupyter-console
    # via jupyterlab
ipython==9.1.0
    # via ipdb
    # via ipykernel
    # via ipywidgets
    # via jupyter-console
    # via pyvis
ipython-pygments-lexers==1.1.1
    # via ipython
ipywidgets==8.1.6
    # via jupyter
isoduration==20.11.0
    # via jsonschema
jedi==0.19.2
    # via ipython
jinja2==3.1.6
    # via instructor
    # via jupyter-server
    # via jupyterlab
    # via jupyterlab-server
    # via litellm
    # via nbconvert
    # via pyvis
jiter==0.8.2
    # via anthropic
    # via instructor
    # via openai
jmespath==1.0.1
    # via boto3
    # via botocore
joblib==1.4.2
    # via scikit-learn
json-repair==0.41.1
    # via crewai
json5==0.12.0
    # via crewai
    # via jupyterlab-server
jsonpatch==1.33
    # via langchain-core
jsonpickle==4.0.5
    # via pyvis
jsonpointer==3.0.0
    # via jsonpatch
    # via jsonschema
jsonref==1.1.0
    # via crewai
jsonschema==4.23.0
    # via docetl
    # via jupyter-events
    # via jupyterlab-server
    # via litellm
    # via nbformat
jsonschema-specifications==2024.10.1
    # via jsonschema
jupyter==1.1.1
jupyter-client==8.6.3
    # via ipykernel
    # via jupyter-console
    # via jupyter-server
    # via nbclient
jupyter-console==6.6.3
    # via jupyter
jupyter-core==5.7.2
    # via ipykernel
    # via jupyter-client
    # via jupyter-console
    # via jupyter-server
    # via jupyterlab
    # via nbclient
    # via nbconvert
    # via nbformat
jupyter-events==0.12.0
    # via jupyter-server
jupyter-lsp==2.2.5
    # via jupyterlab
jupyter-server==2.15.0
    # via jupyter-lsp
    # via jupyterlab
    # via jupyterlab-server
    # via notebook
    # via notebook-shim
jupyter-server-terminals==0.5.3
    # via jupyter-server
jupyterlab==4.4.0
    # via jupyter
    # via notebook
jupyterlab-pygments==0.3.0
    # via nbconvert
jupyterlab-server==2.27.3
    # via jupyterlab
    # via notebook
jupyterlab-widgets==3.0.14
    # via ipywidgets
kubernetes==32.0.1
    # via chromadb
lancedb==0.21.2
    # via crewai-tools
langchain==0.3.23
    # via embedchain
    # via langchain-community
langchain-cohere==0.3.5
    # via embedchain
langchain-community==0.3.21
    # via embedchain
    # via langchain-experimental
langchain-core==0.3.54
    # via langchain
    # via langchain-cohere
    # via langchain-community
    # via langchain-experimental
    # via langchain-openai
    # via langchain-text-splitters
    # via langgraph
    # via langgraph-checkpoint
    # via langgraph-prebuilt
langchain-experimental==0.3.4
    # via langchain-cohere
langchain-openai==0.2.14
    # via embedchain
langchain-text-splitters==0.3.8
    # via langchain
langgraph==0.3.31
    # via aiai-cli
langgraph-checkpoint==2.0.24
    # via langgraph
    # via langgraph-prebuilt
langgraph-prebuilt==0.1.8
    # via langgraph
langgraph-sdk==0.1.61
    # via langgraph
langsmith==0.3.32
    # via embedchain
    # via langchain
    # via langchain-community
    # via langchain-core
libcst==1.7.0
    # via aiai-cli
litellm==1.60.2
    # via aiai-cli
    # via crewai
    # via docetl
littleutils==0.2.4
    # via sorcery
lzstring==1.0.4
    # via docetl
mako==1.3.10
    # via alembic
markdown-it-py==3.0.0
    # via rich
markupsafe==3.0.2
    # via jinja2
    # via mako
    # via nbconvert
marshmallow==3.26.1
    # via dataclasses-json
matplotlib-inline==0.1.7
    # via ipykernel
    # via ipython
mdurl==0.1.2
    # via markdown-it-py
mem0ai==0.1.92
    # via embedchain
mistune==3.1.3
    # via nbconvert
mmh3==5.1.0
    # via chromadb
monotonic==1.6
    # via posthog
mpmath==1.3.0
    # via sympy
multidict==6.4.3
    # via aiohttp
    # via yarl
mypy-extensions==1.0.0
    # via typing-inspect
nbclient==0.10.2
    # via nbconvert
nbconvert==7.16.6
    # via jupyter
    # via jupyter-server
nbformat==5.10.4
    # via jupyter-server
    # via nbclient
    # via nbconvert
nest-asyncio==1.6.0
    # via ipykernel
networkx==3.4.2
    # via aiai-cli
    # via pyvis
nodeenv==1.9.1
    # via pre-commit
    # via pyright
notebook==7.4.0
    # via jupyter
notebook-shim==0.2.4
    # via jupyterlab
    # via notebook
numpy==2.2.4
    # via chroma-hnswlib
    # via chromadb
    # via gptcache
    # via langchain-community
    # via onnxruntime
    # via pandas
    # via qdrant-client
    # via scikit-learn
    # via scipy
oauthlib==3.2.2
    # via kubernetes
    # via requests-oauthlib
onnxruntime==1.21.0
    # via chromadb
openai==1.75.0
    # via crewai
    # via crewai-tools
    # via embedchain
    # via instructor
    # via langchain-openai
    # via litellm
    # via mem0ai
    # via openlit
openlit==1.33.20
    # via aiai-cli
openpyxl==3.1.5
    # via crewai
opentelemetry-api==1.32.1
    # via chromadb
    # via crewai
    # via openlit
    # via opentelemetry-exporter-otlp-proto-grpc
    # via opentelemetry-exporter-otlp-proto-http
    # via opentelemetry-instrumentation
    # via opentelemetry-instrumentation-asgi
    # via opentelemetry-instrumentation-fastapi
    # via opentelemetry-sdk
    # via opentelemetry-semantic-conventions
opentelemetry-exporter-otlp==1.32.1
    # via openlit
opentelemetry-exporter-otlp-proto-common==1.32.1
    # via opentelemetry-exporter-otlp-proto-grpc
    # via opentelemetry-exporter-otlp-proto-http
opentelemetry-exporter-otlp-proto-grpc==1.32.1
    # via chromadb
    # via opentelemetry-exporter-otlp
opentelemetry-exporter-otlp-proto-http==1.32.1
    # via crewai
    # via opentelemetry-exporter-otlp
opentelemetry-instrumentation==0.53b1
    # via openlit
    # via opentelemetry-instrumentation-asgi
    # via opentelemetry-instrumentation-fastapi
opentelemetry-instrumentation-asgi==0.53b1
    # via opentelemetry-instrumentation-fastapi
opentelemetry-instrumentation-fastapi==0.53b1
    # via chromadb
opentelemetry-proto==1.32.1
    # via opentelemetry-exporter-otlp-proto-common
    # via opentelemetry-exporter-otlp-proto-grpc
    # via opentelemetry-exporter-otlp-proto-http
opentelemetry-sdk==1.32.1
    # via chromadb
    # via crewai
    # via openlit
    # via opentelemetry-exporter-otlp-proto-grpc
    # via opentelemetry-exporter-otlp-proto-http
opentelemetry-semantic-conventions==0.53b1
    # via opentelemetry-instrumentation
    # via opentelemetry-instrumentation-asgi
    # via opentelemetry-instrumentation-fastapi
    # via opentelemetry-sdk
opentelemetry-util-http==0.53b1
    # via opentelemetry-instrumentation-asgi
    # via opentelemetry-instrumentation-fastapi
orjson==3.10.16
    # via chromadb
    # via langgraph-sdk
    # via langsmith
ormsgpack==1.9.1
    # via langgraph-checkpoint
overrides==7.7.0
    # via chromadb
    # via jupyter-server
    # via lancedb
packaging==24.2
    # via build
    # via deprecation
    # via huggingface-hub
    # via ipykernel
    # via jupyter-events
    # via jupyter-server
    # via jupyterlab
    # via jupyterlab-server
    # via lancedb
    # via langchain-core
    # via langsmith
    # via marshmallow
    # via nbconvert
    # via onnxruntime
    # via opentelemetry-instrumentation
    # via pytest
pandas==2.2.3
    # via aiai-cli
    # via langchain-cohere
pandocfilters==1.5.1
    # via nbconvert
parso==0.8.4
    # via jedi
pdfminer-six==20250327
    # via pdfplumber
pdfplumber==0.11.6
    # via crewai
pexpect==4.9.0
    # via ipython
pillow==11.2.1
    # via pdfplumber
platformdirs==4.3.7
    # via jupyter-core
    # via virtualenv
pluggy==1.5.0
    # via pytest
portalocker==2.10.1
    # via qdrant-client
posthog==3.25.0
    # via chromadb
    # via embedchain
    # via mem0ai
pre-commit==4.2.0
prometheus-client==0.21.1
    # via jupyter-server
prompt-toolkit==3.0.51
    # via ipython
    # via jupyter-console
propcache==0.3.1
    # via aiohttp
    # via yarl
protobuf==5.29.4
    # via googleapis-common-protos
    # via grpcio-tools
    # via onnxruntime
    # via opentelemetry-proto
psutil==7.0.0
    # via ipykernel
psycopg2-binary==2.9.10
    # via mem0ai
ptyprocess==0.7.0
    # via pexpect
    # via terminado
pure-eval==0.2.3
    # via stack-data
pyarrow==19.0.1
    # via lancedb
pyasn1==0.6.1
    # via pyasn1-modules
    # via rsa
pyasn1-modules==0.4.2
    # via google-auth
pycparser==2.22
    # via cffi
pydantic==2.11.3
    # via aiai-cli
    # via anthropic
    # via chromadb
    # via cohere
    # via crewai
    # via crewai-tools
    # via docetl
    # via fastapi
    # via instructor
    # via lancedb
    # via langchain
    # via langchain-cohere
    # via langchain-core
    # via langsmith
    # via litellm
    # via mem0ai
    # via openai
    # via openlit
    # via pydantic-settings
    # via qdrant-client
pydantic-core==2.33.1
    # via cohere
    # via instructor
    # via pydantic
pydantic-settings==2.8.1
    # via langchain-community
pydash==8.0.5
    # via aiai-cli
pydot==3.0.4
    # via aiai-cli
pygments==2.19.1
    # via ipython
    # via ipython-pygments-lexers
    # via jupyter-console
    # via nbconvert
    # via rich
pyjwt==2.10.1
    # via auth0-python
pyparsing==3.2.3
    # via pydot
pypdf==5.4.0
    # via embedchain
pypdfium2==4.30.1
    # via pdfplumber
pypika==0.48.9
    # via chromadb
pyproject-hooks==1.2.0
    # via build
pyrate-limiter==3.7.0
    # via docetl
pyright==1.1.399
    # via crewai-tools
pysbd==0.3.4
    # via embedchain
pytest==8.3.5
    # via pytest-django
    # via pytest-xdist
pytest-django==4.11.1
pytest-xdist==3.6.1
python-dateutil==2.9.0.post0
    # via arrow
    # via botocore
    # via jupyter-client
    # via kubernetes
    # via pandas
    # via posthog
python-dotenv==1.1.0
    # via aiai-cli
    # via crewai
    # via embedchain
    # via litellm
    # via pydantic-settings
    # via uvicorn
python-json-logger==3.3.0
    # via jupyter-events
python-multipart==0.0.17
    # via docetl
pytube==15.0.0
    # via crewai-tools
pytz==2024.2
    # via mem0ai
    # via pandas
pyvis==0.3.2
    # via crewai
pyyaml==6.0.2
    # via chromadb
    # via huggingface-hub
    # via jupyter-events
    # via kubernetes
    # via langchain
    # via langchain-community
    # via langchain-core
    # via libcst
    # via pre-commit
    # via uvicorn
pyzmq==26.4.0
    # via ipykernel
    # via jupyter-client
    # via jupyter-console
    # via jupyter-server
qdrant-client==1.13.3
    # via mem0ai
rapidfuzz==3.13.0
    # via docetl
referencing==0.36.2
    # via jsonschema
    # via jsonschema-specifications
    # via jupyter-events
regex==2024.11.6
    # via crewai
    # via tiktoken
requests==2.32.3
    # via auth0-python
    # via cohere
    # via crewai-tools
    # via docker
    # via gptcache
    # via huggingface-hub
    # via instructor
    # via jupyterlab-server
    # via kubernetes
    # via langchain
    # via langchain-community
    # via langsmith
    # via openlit
    # via opentelemetry-exporter-otlp-proto-http
    # via posthog
    # via requests-oauthlib
    # via requests-toolbelt
    # via scarf-sdk
    # via tiktoken
requests-oauthlib==2.0.0
    # via kubernetes
requests-toolbelt==1.0.0
    # via langsmith
rfc3339-validator==0.1.4
    # via jsonschema
    # via jupyter-events
rfc3986-validator==0.1.1
    # via jsonschema
    # via jupyter-events
rich==13.9.4
    # via chromadb
    # via docetl
    # via embedchain
    # via instructor
    # via typer
rpds-py==0.24.0
    # via jsonschema
    # via referencing
rsa==4.9.1
    # via google-auth
ruff==0.11.6
s3transfer==0.11.5
    # via boto3
scarf-sdk==0.1.2
    # via aiai-cli
schedule==1.2.2
    # via openlit
schema==0.7.7
    # via embedchain
scikit-learn==1.6.1
    # via docetl
scipy==1.15.2
    # via scikit-learn
send2trash==1.8.3
    # via jupyter-server
setuptools==78.1.0
    # via grpcio-tools
    # via jupyterlab
shellingham==1.5.4
    # via typer
six==1.17.0
    # via kubernetes
    # via posthog
    # via python-dateutil
    # via rfc3339-validator
sniffio==1.3.1
    # via anthropic
    # via anyio
    # via httpx
    # via openai
sorcery==0.2.2
    # via aiai-cli
soupsieve==2.6
    # via beautifulsoup4
sqlalchemy==2.0.40
    # via alembic
    # via embedchain
    # via langchain
    # via langchain-community
    # via mem0ai
sqlparse==0.5.3
    # via django
stack-data==0.6.3
    # via ipython
starlette==0.46.2
    # via fastapi
sympy==1.13.3
    # via onnxruntime
tabulate==0.9.0
    # via langchain-cohere
tenacity==9.1.2
    # via chromadb
    # via instructor
    # via langchain-community
    # via langchain-core
terminado==0.18.1
    # via jupyter-server
    # via jupyter-server-terminals
threadpoolctl==3.6.0
    # via scikit-learn
tiktoken==0.9.0
    # via langchain-openai
    # via litellm
tinycss2==1.4.0
    # via bleach
tokenizers==0.20.3
    # via chromadb
    # via cohere
    # via litellm
tomli==2.2.1
    # via crewai
tomli-w==1.2.0
    # via crewai
tornado==6.4.2
    # via ipykernel
    # via jupyter-client
    # via jupyter-server
    # via jupyterlab
    # via notebook
    # via terminado
tqdm==4.67.1
    # via aiai-cli
    # via chromadb
    # via docetl
    # via huggingface-hub
    # via lancedb
    # via openai
traitlets==5.14.3
    # via comm
    # via ipykernel
    # via ipython
    # via ipywidgets
    # via jupyter-client
    # via jupyter-console
    # via jupyter-core
    # via jupyter-events
    # via jupyter-server
    # via jupyterlab
    # via matplotlib-inline
    # via nbclient
    # via nbconvert
    # via nbformat
tree-sitter==0.24.0
    # via aiai-cli
tree-sitter-python==0.23.6
    # via aiai-cli
typer==0.12.5
    # via aiai-cli
    # via chromadb
    # via docetl
    # via instructor
types-python-dateutil==2.9.0.20241206
    # via arrow
types-pyyaml==6.0.12.20250402
    # via django-stubs
types-requests==2.32.0.20250328
    # via cohere
typing-extensions==4.13.2
    # via alembic
    # via anthropic
    # via anyio
    # via beautifulsoup4
    # via chromadb
    # via cohere
    # via django-stubs
    # via django-stubs-ext
    # via fastapi
    # via huggingface-hub
    # via ipython
    # via langchain-core
    # via openai
    # via opentelemetry-sdk
    # via pydantic
    # via pydantic-core
    # via pydash
    # via pyright
    # via referencing
    # via sqlalchemy
    # via typer
    # via typing-inspect
    # via typing-inspection
typing-inspect==0.9.0
    # via dataclasses-json
typing-inspection==0.4.0
    # via pydantic
tzdata==2025.2
    # via pandas
uri-template==1.3.0
    # via jsonschema
urllib3==2.4.0
    # via auth0-python
    # via botocore
    # via docker
    # via kubernetes
    # via qdrant-client
    # via requests
    # via types-requests
uv==0.6.14
    # via crewai
uvicorn==0.34.1
    # via chromadb
uvloop==0.21.0
    # via uvicorn
virtualenv==20.30.0
    # via pre-commit
watchfiles==1.0.5
    # via uvicorn
wcwidth==0.2.13
    # via prompt-toolkit
webcolors==24.11.1
    # via jsonschema
webencodings==0.5.1
    # via bleach
    # via tinycss2
websocket-client==1.8.0
    # via jupyter-server
    # via kubernetes
websockets==13.1
    # via docetl
    # via uvicorn
widgetsnbextension==4.0.14
    # via ipywidgets
wrapt==1.17.2
    # via deprecated
    # via opentelemetry-instrumentation
    # via sorcery
xmltodict==0.13.0
    # via openlit
xxhash==3.5.0
    # via langgraph
yarl==1.20.0
    # via aiohttp
zipp==3.21.0
    # via importlib-metadata
zstandard==0.23.0
    # via langsmith
